{
    "name": "symmetric-mappings",
    "version": "1.0.0",
    "lockfileVersion": 3,
    "requires": true,
    "packages": {
        "": {
            "name": "symmetric-mappings",
            "version": "1.0.0",
            "license": "MIT",
            "dependencies": {
                "complex.js": "^2.1.1"
            }
        },
        "node_modules/complex.js": {
            "version": "2.1.1",
            "resolved": "https://registry.npmjs.org/complex.js/-/complex.js-2.1.1.tgz",
            "integrity": "sha512-8njCHOTtFFLtegk6zQo0kkVX1rngygb/KQI6z1qZxlFI3scluC+LVTCFbrkWjBv4vvLlbQ9t88IPMC6k95VTTg==",
            "engines": {
                "node": "*"
            },
            "funding": {
                "type": "patreon",
                "url": "https://www.patreon.com/infusion"
            }
        }
    }
}
